# @generated by Move, please check-in and do not edit manually.

[move]
version = 3
manifest_digest = "0D5B9018429AD4A20065D67DD7CDEA709A11D7675523AD0978D35E475D52EC32"
deps_digest = "F8BBB0CCB2491CA29A3DF03D6F92277A4F3574266507ACD77214D37ECA3F3082"
dependencies = [
  { id = "Sui", name = "Sui" },
]

[[move.package]]
id = "MoveStdlib"
source = { git = "https://github.com/MystenLabs/sui.git", rev = "framework/testnet", subdir = "crates/sui-framework/packages/move-stdlib" }

[[move.package]]
id = "Sui"
source = { git = "https://github.com/MystenLabs/sui.git", rev = "framework/testnet", subdir = "crates/sui-framework/packages/sui-framework" }

dependencies = [
  { id = "MoveStdlib", name = "MoveStdlib" },
]

[move.toolchain-version]
compiler-version = "1.42.2"
edition = "2024.beta"
flavor = "sui"

[env]

[env.testnet]
chain-id = "4c78adac"
original-published-id = "0xc24066b30080a945d13deb776d7e35f390ab203ba44ef6ffb467d23aad8593cc"
latest-published-id = "0xc24066b30080a945d13deb776d7e35f390ab203ba44ef6ffb467d23aad8593cc"
published-version = "1"

[env.devnet]
chain-id = "b7899290"
original-published-id = "0x011835bf3fdb77d257fc36a78c72314834e86100560bc7167eea1b2132a3f36a"
latest-published-id = "0x011835bf3fdb77d257fc36a78c72314834e86100560bc7167eea1b2132a3f36a"
published-version = "1"
