# @generated by Move, please check-in and do not edit manually.

[move]
version = 3
manifest_digest = "D1467A0F48F6DA4B2C0C4E209485420016F6D1526AA665DD247F419B4607FD59"
deps_digest = "F8BBB0CCB2491CA29A3DF03D6F92277A4F3574266507ACD77214D37ECA3F3082"
dependencies = [
  { id = "Sui", name = "Sui" },
]

[[move.package]]
id = "MoveStdlib"
source = { git = "https://github.com/MystenLabs/sui.git", rev = "framework/testnet", subdir = "crates/sui-framework/packages/move-stdlib" }

[[move.package]]
id = "Sui"
source = { git = "https://github.com/MystenLabs/sui.git", rev = "framework/testnet", subdir = "crates/sui-framework/packages/sui-framework" }

dependencies = [
  { id = "MoveStdlib", name = "MoveStdlib" },
]

[move.toolchain-version]
compiler-version = "1.46.1"
edition = "2024.beta"
flavor = "sui"

[env]

[env.testnet]
chain-id = "4c78adac"
original-published-id = "0xc24066b30080a945d13deb776d7e35f390ab203ba44ef6ffb467d23aad8593cc"
latest-published-id = "0xc24066b30080a945d13deb776d7e35f390ab203ba44ef6ffb467d23aad8593cc"
published-version = "1"

[env.devnet]
chain-id = "8d119d9c"
original-published-id = "0x9f9d7ba9442305343340984cd244b453ae0fc244d0fe72b5661302c810953958"
latest-published-id = "0x9f9d7ba9442305343340984cd244b453ae0fc244d0fe72b5661302c810953958"
published-version = "1"
